
Microsoft Visual Studio Solution File, Format Version 12.00
# Visual Studio Version 17
VisualStudioVersion = 17.11.35327.3
MinimumVisualStudioVersion = 10.0.40219.1
Project("{8BC9CEB8-8B4A-11D0-8D11-00A0C91BC942}") = "rwdriver", "rwdriver\rwdriver.vcxproj", "{B98B5CDF-3324-490A-A3D0-269CC959FFD5}"
EndProject
Global
	GlobalSection(SolutionConfigurationPlatforms) = preSolution
		Debug|ARM64 = Debug|ARM64
		Debug|x64 = Debug|x64
		Release|ARM64 = Release|ARM64
		Release|x64 = Release|x64
	EndGlobalSection
	GlobalSection(ProjectConfigurationPlatforms) = postSolution
		{B98B5CDF-3324-490A-A3D0-269CC959FFD5}.Debug|ARM64.ActiveCfg = Debug|ARM64
		{B98B5CDF-3324-490A-A3D0-269CC959FFD5}.Debug|ARM64.Build.0 = Debug|ARM64
		{B98B5CDF-3324-490A-A3D0-269CC959FFD5}.Debug|ARM64.Deploy.0 = Debug|ARM64
		{B98B5CDF-3324-490A-A3D0-269CC959FFD5}.Debug|x64.ActiveCfg = Debug|x64
		{B98B5CDF-3324-490A-A3D0-269CC959FFD5}.Debug|x64.Build.0 = Debug|x64
		{B98B5CDF-3324-490A-A3D0-269CC959FFD5}.Debug|x64.Deploy.0 = Debug|x64
		{B98B5CDF-3324-490A-A3D0-269CC959FFD5}.Release|ARM64.ActiveCfg = Release|ARM64
		{B98B5CDF-3324-490A-A3D0-269CC959FFD5}.Release|ARM64.Build.0 = Release|ARM64
		{B98B5CDF-3324-490A-A3D0-269CC959FFD5}.Release|ARM64.Deploy.0 = Release|ARM64
		{B98B5CDF-3324-490A-A3D0-269CC959FFD5}.Release|x64.ActiveCfg = Release|x64
		{B98B5CDF-3324-490A-A3D0-269CC959FFD5}.Release|x64.Build.0 = Release|x64
		{B98B5CDF-3324-490A-A3D0-269CC959FFD5}.Release|x64.Deploy.0 = Release|x64
	EndGlobalSection
	GlobalSection(SolutionProperties) = preSolution
		HideSolutionNode = FALSE
	EndGlobalSection
	GlobalSection(ExtensibilityGlobals) = postSolution
		SolutionGuid = {BCBEBFFA-8B8E-4CE9-9B28-1BA036C765FA}
	EndGlobalSection
EndGlobal
